
Microsoft Visual Studio Solution File, Format Version 12.00
# Visual Studio Version 16
VisualStudioVersion = 16.0.31019.35
MinimumVisualStudioVersion = 10.0.40219.1
Project("{9A19103F-16F7-4668-BE54-9A1E7A4F7556}") = "InternManagement", "InternManagement\InternManagement.csproj", "{9254BA7E-E6B8-43B4-93EF-B4AFC5441DB1}"
EndProject
Global
	GlobalSection(SolutionConfigurationPlatforms) = preSolution
		Debug|Any CPU = Debug|Any CPU
		Release|Any CPU = Release|Any CPU
	EndGlobalSection
	GlobalSection(ProjectConfigurationPlatforms) = postSolution
		{9254BA7E-E6B8-43B4-93EF-B4AFC5441DB1}.Debug|Any CPU.ActiveCfg = Debug|Any CPU
		{9254BA7E-E6B8-43B4-93EF-B4AFC5441DB1}.Debug|Any CPU.Build.0 = Debug|Any CPU
		{9254BA7E-E6B8-43B4-93EF-B4AFC5441DB1}.Release|Any CPU.ActiveCfg = Release|Any CPU
		{9254BA7E-E6B8-43B4-93EF-B4AFC5441DB1}.Release|Any CPU.Build.0 = Release|Any CPU
	EndGlobalSection
	GlobalSection(SolutionProperties) = preSolution
		HideSolutionNode = FALSE
	EndGlobalSection
	GlobalSection(ExtensibilityGlobals) = postSolution
		SolutionGuid = {6A8404B2-7B48-4B52-8C6A-94CF85FAB184}
	EndGlobalSection
EndGlobal
